
Microsoft Visual Studio Solution File, Format Version 12.00
# Visual Studio 15
VisualStudioVersion = 15.0.26228.12
MinimumVisualStudioVersion = 10.0.40219.1
Project("{2150E333-8FDC-42A3-9474-1A3956D46DE8}") = "1 - Presentation", "1 - Presentation", "{475CA529-332E-4D15-B12F-C97D60BA4B23}"
EndProject
Project("{2150E333-8FDC-42A3-9474-1A3956D46DE8}") = "2 - Service", "2 - Service", "{756B46EA-0D29-41FE-8C4B-E82106F0DF85}"
EndProject
Project("{2150E333-8FDC-42A3-9474-1A3956D46DE8}") = "3 - Application", "3 - Application", "{E8A5D460-6492-408A-87DD-ABDBC0C18427}"
EndProject
Project("{2150E333-8FDC-42A3-9474-1A3956D46DE8}") = "4 - Domain", "4 - Domain", "{FDB06399-FDB3-42E2-A29F-863F4EE19FA4}"
EndProject
Project("{2150E333-8FDC-42A3-9474-1A3956D46DE8}") = "5 - Infra", "5 - Infra", "{734148B6-9E55-40AF-BB5D-076370DBC570}"
EndProject
Project("{2150E333-8FDC-42A3-9474-1A3956D46DE8}") = "5.1 - Data", "5.1 - Data", "{4BD33FD0-D192-45CE-A79E-C6699985523D}"
EndProject
Project("{2150E333-8FDC-42A3-9474-1A3956D46DE8}") = "5.2 - CrossCutting", "5.2 - CrossCutting", "{25E9DFE7-B0C8-4605-A779-C351F477F06C}"
EndProject
Project("{FAE04EC0-301F-11D3-BF4B-00C04F79EFBC}") = "Eventos.IO.Domain", "src\Eventos.IO.Domain\Eventos.IO.Domain.csproj", "{3752AC1B-AEE4-489B-B017-CC09005F045F}"
EndProject
Project("{FAE04EC0-301F-11D3-BF4B-00C04F79EFBC}") = "Eventos.IO.Domain.Core", "src\Eventos.IO.Domain.Core\Eventos.IO.Domain.Core.csproj", "{C98E6540-4701-4DFA-8869-B4D6FDA554D2}"
EndProject
Project("{FAE04EC0-301F-11D3-BF4B-00C04F79EFBC}") = "Eventos.IO.Infra.Data", "src\Eventos.IO.Infra.Data\Eventos.IO.Infra.Data.csproj", "{DACAF63D-5A96-47F8-9915-5DD9050918DB}"
EndProject
Project("{FAE04EC0-301F-11D3-BF4B-00C04F79EFBC}") = "Eventos.IO.Site", "src\Eventos.IO.Site\Eventos.IO.Site.csproj", "{E4A63014-0B68-479F-AD27-9F8A9F7C44B4}"
EndProject
Project("{FAE04EC0-301F-11D3-BF4B-00C04F79EFBC}") = "Eventos.IO.Application", "src\Eventos.IO.Application\Eventos.IO.Application.csproj", "{C1500A83-A4AA-4333-B790-009ED6D7B3A2}"
EndProject
Project("{FAE04EC0-301F-11D3-BF4B-00C04F79EFBC}") = "Eventos.IO.Infra.CrossCuting.IoC", "src\Eventos.IO.Infra.CrossCuting.IoC\Eventos.IO.Infra.CrossCuting.IoC.csproj", "{5C985406-50F1-4D7B-BCD8-CE8BBC19EB74}"
EndProject
Project("{FAE04EC0-301F-11D3-BF4B-00C04F79EFBC}") = "Eventos.IO.Infra.CrossCuting.Bus", "src\Eventos.IO.Infra.CrossCuting.Bus\Eventos.IO.Infra.CrossCuting.Bus.csproj", "{F7E2C645-13F7-4AE6-99F9-21B9EB66F566}"
EndProject
Project("{FAE04EC0-301F-11D3-BF4B-00C04F79EFBC}") = "Eventos.IO.Infra.CrossCutting.Identity", "src\Eventos.IO.Infra.CrossCutting.Identity\Eventos.IO.Infra.CrossCutting.Identity.csproj", "{8D4AB22E-070A-44E8-817F-1E3A7B452F17}"
EndProject
Project("{FAE04EC0-301F-11D3-BF4B-00C04F79EFBC}") = "Eventos.IO.Services.Api", "src\Eventos.IO.Services.Api\Eventos.IO.Services.Api.csproj", "{CB237C8F-EB45-4D7A-AFDF-50B5D18E0B3F}"
EndProject
Project("{FAE04EC0-301F-11D3-BF4B-00C04F79EFBC}") = "Eventos.IO.Infra.CrossCutting.AspNetFilters", "src\Eventos.IO.Infra.CrossCutting.AspNetFilters\Eventos.IO.Infra.CrossCutting.AspNetFilters.csproj", "{3C3686DC-B96C-4D99-9DF3-06D06BF6C739}"
EndProject
Global
	GlobalSection(SolutionConfigurationPlatforms) = preSolution
		Debug|Any CPU = Debug|Any CPU
		Release|Any CPU = Release|Any CPU
	EndGlobalSection
	GlobalSection(ProjectConfigurationPlatforms) = postSolution
		{3752AC1B-AEE4-489B-B017-CC09005F045F}.Debug|Any CPU.ActiveCfg = Debug|Any CPU
		{3752AC1B-AEE4-489B-B017-CC09005F045F}.Debug|Any CPU.Build.0 = Debug|Any CPU
		{3752AC1B-AEE4-489B-B017-CC09005F045F}.Release|Any CPU.ActiveCfg = Release|Any CPU
		{3752AC1B-AEE4-489B-B017-CC09005F045F}.Release|Any CPU.Build.0 = Release|Any CPU
		{C98E6540-4701-4DFA-8869-B4D6FDA554D2}.Debug|Any CPU.ActiveCfg = Debug|Any CPU
		{C98E6540-4701-4DFA-8869-B4D6FDA554D2}.Debug|Any CPU.Build.0 = Debug|Any CPU
		{C98E6540-4701-4DFA-8869-B4D6FDA554D2}.Release|Any CPU.ActiveCfg = Release|Any CPU
		{C98E6540-4701-4DFA-8869-B4D6FDA554D2}.Release|Any CPU.Build.0 = Release|Any CPU
		{DACAF63D-5A96-47F8-9915-5DD9050918DB}.Debug|Any CPU.ActiveCfg = Debug|Any CPU
		{DACAF63D-5A96-47F8-9915-5DD9050918DB}.Debug|Any CPU.Build.0 = Debug|Any CPU
		{DACAF63D-5A96-47F8-9915-5DD9050918DB}.Release|Any CPU.ActiveCfg = Release|Any CPU
		{DACAF63D-5A96-47F8-9915-5DD9050918DB}.Release|Any CPU.Build.0 = Release|Any CPU
		{E4A63014-0B68-479F-AD27-9F8A9F7C44B4}.Debug|Any CPU.ActiveCfg = Debug|Any CPU
		{E4A63014-0B68-479F-AD27-9F8A9F7C44B4}.Debug|Any CPU.Build.0 = Debug|Any CPU
		{E4A63014-0B68-479F-AD27-9F8A9F7C44B4}.Release|Any CPU.ActiveCfg = Release|Any CPU
		{E4A63014-0B68-479F-AD27-9F8A9F7C44B4}.Release|Any CPU.Build.0 = Release|Any CPU
		{C1500A83-A4AA-4333-B790-009ED6D7B3A2}.Debug|Any CPU.ActiveCfg = Debug|Any CPU
		{C1500A83-A4AA-4333-B790-009ED6D7B3A2}.Debug|Any CPU.Build.0 = Debug|Any CPU
		{C1500A83-A4AA-4333-B790-009ED6D7B3A2}.Release|Any CPU.ActiveCfg = Release|Any CPU
		{C1500A83-A4AA-4333-B790-009ED6D7B3A2}.Release|Any CPU.Build.0 = Release|Any CPU
		{5C985406-50F1-4D7B-BCD8-CE8BBC19EB74}.Debug|Any CPU.ActiveCfg = Debug|Any CPU
		{5C985406-50F1-4D7B-BCD8-CE8BBC19EB74}.Debug|Any CPU.Build.0 = Debug|Any CPU
		{5C985406-50F1-4D7B-BCD8-CE8BBC19EB74}.Release|Any CPU.ActiveCfg = Release|Any CPU
		{5C985406-50F1-4D7B-BCD8-CE8BBC19EB74}.Release|Any CPU.Build.0 = Release|Any CPU
		{F7E2C645-13F7-4AE6-99F9-21B9EB66F566}.Debug|Any CPU.ActiveCfg = Debug|Any CPU
		{F7E2C645-13F7-4AE6-99F9-21B9EB66F566}.Debug|Any CPU.Build.0 = Debug|Any CPU
		{F7E2C645-13F7-4AE6-99F9-21B9EB66F566}.Release|Any CPU.ActiveCfg = Release|Any CPU
		{F7E2C645-13F7-4AE6-99F9-21B9EB66F566}.Release|Any CPU.Build.0 = Release|Any CPU
		{8D4AB22E-070A-44E8-817F-1E3A7B452F17}.Debug|Any CPU.ActiveCfg = Debug|Any CPU
		{8D4AB22E-070A-44E8-817F-1E3A7B452F17}.Debug|Any CPU.Build.0 = Debug|Any CPU
		{8D4AB22E-070A-44E8-817F-1E3A7B452F17}.Release|Any CPU.ActiveCfg = Release|Any CPU
		{8D4AB22E-070A-44E8-817F-1E3A7B452F17}.Release|Any CPU.Build.0 = Release|Any CPU
		{CB237C8F-EB45-4D7A-AFDF-50B5D18E0B3F}.Debug|Any CPU.ActiveCfg = Debug|Any CPU
		{CB237C8F-EB45-4D7A-AFDF-50B5D18E0B3F}.Debug|Any CPU.Build.0 = Debug|Any CPU
		{CB237C8F-EB45-4D7A-AFDF-50B5D18E0B3F}.Release|Any CPU.ActiveCfg = Release|Any CPU
		{CB237C8F-EB45-4D7A-AFDF-50B5D18E0B3F}.Release|Any CPU.Build.0 = Release|Any CPU
		{3C3686DC-B96C-4D99-9DF3-06D06BF6C739}.Debug|Any CPU.ActiveCfg = Debug|Any CPU
		{3C3686DC-B96C-4D99-9DF3-06D06BF6C739}.Debug|Any CPU.Build.0 = Debug|Any CPU
		{3C3686DC-B96C-4D99-9DF3-06D06BF6C739}.Release|Any CPU.ActiveCfg = Release|Any CPU
		{3C3686DC-B96C-4D99-9DF3-06D06BF6C739}.Release|Any CPU.Build.0 = Release|Any CPU
	EndGlobalSection
	GlobalSection(SolutionProperties) = preSolution
		HideSolutionNode = FALSE
	EndGlobalSection
	GlobalSection(NestedProjects) = preSolution
		{4BD33FD0-D192-45CE-A79E-C6699985523D} = {734148B6-9E55-40AF-BB5D-076370DBC570}
		{25E9DFE7-B0C8-4605-A779-C351F477F06C} = {734148B6-9E55-40AF-BB5D-076370DBC570}
		{3752AC1B-AEE4-489B-B017-CC09005F045F} = {FDB06399-FDB3-42E2-A29F-863F4EE19FA4}
		{C98E6540-4701-4DFA-8869-B4D6FDA554D2} = {FDB06399-FDB3-42E2-A29F-863F4EE19FA4}
		{DACAF63D-5A96-47F8-9915-5DD9050918DB} = {4BD33FD0-D192-45CE-A79E-C6699985523D}
		{E4A63014-0B68-479F-AD27-9F8A9F7C44B4} = {475CA529-332E-4D15-B12F-C97D60BA4B23}
		{C1500A83-A4AA-4333-B790-009ED6D7B3A2} = {E8A5D460-6492-408A-87DD-ABDBC0C18427}
		{5C985406-50F1-4D7B-BCD8-CE8BBC19EB74} = {25E9DFE7-B0C8-4605-A779-C351F477F06C}
		{F7E2C645-13F7-4AE6-99F9-21B9EB66F566} = {25E9DFE7-B0C8-4605-A779-C351F477F06C}
		{8D4AB22E-070A-44E8-817F-1E3A7B452F17} = {25E9DFE7-B0C8-4605-A779-C351F477F06C}
		{CB237C8F-EB45-4D7A-AFDF-50B5D18E0B3F} = {756B46EA-0D29-41FE-8C4B-E82106F0DF85}
		{3C3686DC-B96C-4D99-9DF3-06D06BF6C739} = {25E9DFE7-B0C8-4605-A779-C351F477F06C}
	EndGlobalSection
EndGlobal
